
Microsoft Visual Studio Solution File, Format Version 12.00
# Visual Studio Version 16
VisualStudioVersion = 16.0.30011.22
MinimumVisualStudioVersion = 10.0.40219.1
Project("{FAE04EC0-301F-11D3-BF4B-00C04F79EFBC}") = "Auction", "Auction.csproj", "{09C95E37-6531-434E-A48C-DF5FAC0A0B1E}"
EndProject
Project("{FAE04EC0-301F-11D3-BF4B-00C04F79EFBC}") = "Auction.DAL", "..\Auction.DAL\Auction.DAL.csproj", "{91F53AC8-0624-431C-A421-119EEA76ED31}"
EndProject
Project("{FAE04EC0-301F-11D3-BF4B-00C04F79EFBC}") = "Auction.BLL", "..\Auction.BLL\Auction.BLL.csproj", "{82F622FB-1C09-4603-9D1B-E5FCBA4BB1EE}"
EndProject
Project("{FAE04EC0-301F-11D3-BF4B-00C04F79EFBC}") = "Auction.BO", "..\Auction.BO\Auction.BO.csproj", "{A931495A-CD91-40CA-9E5A-D00D7FF48609}"
EndProject
Global
	GlobalSection(SolutionConfigurationPlatforms) = preSolution
		Debug|Any CPU = Debug|Any CPU
		Release|Any CPU = Release|Any CPU
	EndGlobalSection
	GlobalSection(ProjectConfigurationPlatforms) = postSolution
		{09C95E37-6531-434E-A48C-DF5FAC0A0B1E}.Debug|Any CPU.ActiveCfg = Debug|Any CPU
		{09C95E37-6531-434E-A48C-DF5FAC0A0B1E}.Debug|Any CPU.Build.0 = Debug|Any CPU
		{09C95E37-6531-434E-A48C-DF5FAC0A0B1E}.Release|Any CPU.ActiveCfg = Release|Any CPU
		{09C95E37-6531-434E-A48C-DF5FAC0A0B1E}.Release|Any CPU.Build.0 = Release|Any CPU
		{91F53AC8-0624-431C-A421-119EEA76ED31}.Debug|Any CPU.ActiveCfg = Debug|Any CPU
		{91F53AC8-0624-431C-A421-119EEA76ED31}.Debug|Any CPU.Build.0 = Debug|Any CPU
		{91F53AC8-0624-431C-A421-119EEA76ED31}.Release|Any CPU.ActiveCfg = Release|Any CPU
		{91F53AC8-0624-431C-A421-119EEA76ED31}.Release|Any CPU.Build.0 = Release|Any CPU
		{82F622FB-1C09-4603-9D1B-E5FCBA4BB1EE}.Debug|Any CPU.ActiveCfg = Debug|Any CPU
		{82F622FB-1C09-4603-9D1B-E5FCBA4BB1EE}.Debug|Any CPU.Build.0 = Debug|Any CPU
		{82F622FB-1C09-4603-9D1B-E5FCBA4BB1EE}.Release|Any CPU.ActiveCfg = Release|Any CPU
		{82F622FB-1C09-4603-9D1B-E5FCBA4BB1EE}.Release|Any CPU.Build.0 = Release|Any CPU
		{A931495A-CD91-40CA-9E5A-D00D7FF48609}.Debug|Any CPU.ActiveCfg = Debug|Any CPU
		{A931495A-CD91-40CA-9E5A-D00D7FF48609}.Debug|Any CPU.Build.0 = Debug|Any CPU
		{A931495A-CD91-40CA-9E5A-D00D7FF48609}.Release|Any CPU.ActiveCfg = Release|Any CPU
		{A931495A-CD91-40CA-9E5A-D00D7FF48609}.Release|Any CPU.Build.0 = Release|Any CPU
	EndGlobalSection
	GlobalSection(SolutionProperties) = preSolution
		HideSolutionNode = FALSE
	EndGlobalSection
	GlobalSection(ExtensibilityGlobals) = postSolution
		SolutionGuid = {77B314F3-99EA-4AF0-B1AB-A36D6488B307}
	EndGlobalSection
EndGlobal
